
Microsoft Visual Studio Solution File, Format Version 12.00
# Visual Studio Version 16
VisualStudioVersion = 16.0.32228.343
MinimumVisualStudioVersion = 10.0.40219.1
Project("{FAE04EC0-301F-11D3-BF4B-00C04F79EFBC}") = "dotNetV2", "dotNetV2\dotNetV2.csproj", "{A5E3376B-1140-47A5-86C1-B4762FFCACC1}"
EndProject
Global
	GlobalSection(SolutionConfigurationPlatforms) = preSolution
		Debug|Any CPU = Debug|Any CPU
		Release|Any CPU = Release|Any CPU
	EndGlobalSection
	GlobalSection(ProjectConfigurationPlatforms) = postSolution
		{A5E3376B-1140-47A5-86C1-B4762FFCACC1}.Debug|Any CPU.ActiveCfg = Debug|Any CPU
		{A5E3376B-1140-47A5-86C1-B4762FFCACC1}.Debug|Any CPU.Build.0 = Debug|Any CPU
		{A5E3376B-1140-47A5-86C1-B4762FFCACC1}.Release|Any CPU.ActiveCfg = Release|Any CPU
		{A5E3376B-1140-47A5-86C1-B4762FFCACC1}.Release|Any CPU.Build.0 = Release|Any CPU
	EndGlobalSection
	GlobalSection(SolutionProperties) = preSolution
		HideSolutionNode = FALSE
	EndGlobalSection
	GlobalSection(ExtensibilityGlobals) = postSolution
		SolutionGuid = {D72CE85C-D55A-4645-A49D-1A4742BC7A76}
	EndGlobalSection
EndGlobal
